// !$*UTF8*$!
{
	archiveVersion = 1;
	classes = {
	};
	objectVersion = 50;
	objects = {

/* Begin PBXBuildFile section */
		1A0401BD243D8796004803A5 /* WelcomeView.swift in Sources */ = {isa = PBXBuildFile; fileRef = 1A0401BC243D8796004803A5 /* WelcomeView.swift */; };
		1A1034D4240C66F500E70193 /* AppDelegate.swift in Sources */ = {isa = PBXBuildFile; fileRef = 1A1034D3240C66F500E70193 /* AppDelegate.swift */; };
		1A1034D6240C66F500E70193 /* Main.swift in Sources */ = {isa = PBXBuildFile; fileRef = 1A1034D5240C66F500E70193 /* Main.swift */; };
		1A1034D8240C66F800E70193 /* Assets.xcassets in Resources */ = {isa = PBXBuildFile; fileRef = 1A1034D7240C66F800E70193 /* Assets.xcassets */; };
		1A1034DB240C66F800E70193 /* Preview Assets.xcassets in Resources */ = {isa = PBXBuildFile; fileRef = 1A1034DA240C66F800E70193 /* Preview Assets.xcassets */; };
		1A1034DE240C66F800E70193 /* Main.storyboard in Resources */ = {isa = PBXBuildFile; fileRef = 1A1034DC240C66F800E70193 /* Main.storyboard */; };
		1A1034EA240C66F800E70193 /* webpicTests.swift in Sources */ = {isa = PBXBuildFile; fileRef = 1A1034E9240C66F800E70193 /* webpicTests.swift */; };
		1A1034F5240C66F800E70193 /* webpicUITests.swift in Sources */ = {isa = PBXBuildFile; fileRef = 1A1034F4240C66F800E70193 /* webpicUITests.swift */; };
		1A103503240CA73F00E70193 /* NavigationDetail.swift in Sources */ = {isa = PBXBuildFile; fileRef = 1A103502240CA73F00E70193 /* NavigationDetail.swift */; };
		1A103505240CCA3600E70193 /* ProgressBar.swift in Sources */ = {isa = PBXBuildFile; fileRef = 1A103504240CCA3600E70193 /* ProgressBar.swift */; };
		1A103507240CCA6200E70193 /* CTAButton.swift in Sources */ = {isa = PBXBuildFile; fileRef = 1A103506240CCA6200E70193 /* CTAButton.swift */; };
		1A103509240CCB1200E70193 /* Double+Clamp.swift in Sources */ = {isa = PBXBuildFile; fileRef = 1A103508240CCB1200E70193 /* Double+Clamp.swift */; };
		1A10350B240CCB3400E70193 /* NavigationRow.swift in Sources */ = {isa = PBXBuildFile; fileRef = 1A10350A240CCB3400E70193 /* NavigationRow.swift */; };
		1A10350E240CCBE100E70193 /* JILImage.swift in Sources */ = {isa = PBXBuildFile; fileRef = 1A10350D240CCBE100E70193 /* JILImage.swift */; };
		1A23A75D24A84C6F008690EF /* PNGProcess.swift in Sources */ = {isa = PBXBuildFile; fileRef = 1A23A75C24A84C6F008690EF /* PNGProcess.swift */; };
		1A23A75F24A84FA6008690EF /* ImageOptionsViewModel.swift in Sources */ = {isa = PBXBuildFile; fileRef = 1A23A75E24A84FA6008690EF /* ImageOptionsViewModel.swift */; };
		1A23A76124A91949008690EF /* FakeData.swift in Sources */ = {isa = PBXBuildFile; fileRef = 1A23A76024A91949008690EF /* FakeData.swift */; };
		1A522A242480867700DE3D98 /* SidebarDropDelegate.swift in Sources */ = {isa = PBXBuildFile; fileRef = 1A522A232480867700DE3D98 /* SidebarDropDelegate.swift */; };
		1A522A2824808A7E00DE3D98 /* ImageOptions.swift in Sources */ = {isa = PBXBuildFile; fileRef = 1A522A2724808A7E00DE3D98 /* ImageOptions.swift */; };
		1A522A2A2480A7FB00DE3D98 /* ListActions.swift in Sources */ = {isa = PBXBuildFile; fileRef = 1A522A292480A7FB00DE3D98 /* ListActions.swift */; };
		1A522A2C24845FA000DE3D98 /* NSImage+Resize.swift in Sources */ = {isa = PBXBuildFile; fileRef = 1A522A2B24845FA000DE3D98 /* NSImage+Resize.swift */; };
		1A522A2E248D8B9600DE3D98 /* Retry.swift in Sources */ = {isa = PBXBuildFile; fileRef = 1A522A2D248D8B9600DE3D98 /* Retry.swift */; };
		1A680064243116A5002BCF87 /* lib in Resources */ = {isa = PBXBuildFile; fileRef = 1A680063243116A5002BCF87 /* lib */; };
		1A6800662431172A002BCF87 /* JpegProcess.swift in Sources */ = {isa = PBXBuildFile; fileRef = 1A6800652431172A002BCF87 /* JpegProcess.swift */; };
		1A6800AB2431AEAE002BCF87 /* libjpeg.9.dylib in CopyFiles */ = {isa = PBXBuildFile; fileRef = 1A6800AA2431AEAE002BCF87 /* libjpeg.9.dylib */; settings = {ATTRIBUTES = (CodeSignOnCopy, ); }; };
		1A6800AD2431AEB2002BCF87 /* libpng16.16.dylib in CopyFiles */ = {isa = PBXBuildFile; fileRef = 1A6800AC2431AEB2002BCF87 /* libpng16.16.dylib */; settings = {ATTRIBUTES = (CodeSignOnCopy, ); }; };
		1A6800B12431AEB7002BCF87 /* libtiff.5.dylib in CopyFiles */ = {isa = PBXBuildFile; fileRef = 1A6800B02431AEB7002BCF87 /* libtiff.5.dylib */; settings = {ATTRIBUTES = (CodeSignOnCopy, ); }; };
		1A6800B32431AEBD002BCF87 /* libwebp.7.dylib in CopyFiles */ = {isa = PBXBuildFile; fileRef = 1A6800B22431AEBD002BCF87 /* libwebp.7.dylib */; settings = {ATTRIBUTES = (CodeSignOnCopy, ); }; };
		1A6800B52431AEC0002BCF87 /* libwebpdemux.2.dylib in CopyFiles */ = {isa = PBXBuildFile; fileRef = 1A6800B42431AEC0002BCF87 /* libwebpdemux.2.dylib */; settings = {ATTRIBUTES = (CodeSignOnCopy, ); }; };
		1A7A6D9524148F43003CB7FB /* NSImage+GenerateThumbnail.swift in Sources */ = {isa = PBXBuildFile; fileRef = 1A7A6D9424148F43003CB7FB /* NSImage+GenerateThumbnail.swift */; };
		1A7A6D9724148F5B003CB7FB /* UInt64+FormatBytes.swift in Sources */ = {isa = PBXBuildFile; fileRef = 1A7A6D9624148F5B003CB7FB /* UInt64+FormatBytes.swift */; };
		1A7A6D9C2418977D003CB7FB /* WebPProcess.swift in Sources */ = {isa = PBXBuildFile; fileRef = 1A7A6D9B2418977D003CB7FB /* WebPProcess.swift */; };
		1AA9C6F5249EE693001871A3 /* TempFile.swift in Sources */ = {isa = PBXBuildFile; fileRef = 1AA9C6F4249EE693001871A3 /* TempFile.swift */; };
		1AD8DB1C243D96AE00BF7109 /* WebpicWindow.swift in Sources */ = {isa = PBXBuildFile; fileRef = 1AD8DB1B243D96AE00BF7109 /* WebpicWindow.swift */; };
		1AD8DB1E243D971900BF7109 /* ImageManager.swift in Sources */ = {isa = PBXBuildFile; fileRef = 1AD8DB1D243D971900BF7109 /* ImageManager.swift */; };
/* End PBXBuildFile section */

/* Begin PBXContainerItemProxy section */
		1A1034E6240C66F800E70193 /* PBXContainerItemProxy */ = {
			isa = PBXContainerItemProxy;
			containerPortal = 1A1034C8240C66F500E70193 /* Project object */;
			proxyType = 1;
			remoteGlobalIDString = 1A1034CF240C66F500E70193;
			remoteInfo = webpic;
		};
		1A1034F1240C66F800E70193 /* PBXContainerItemProxy */ = {
			isa = PBXContainerItemProxy;
			containerPortal = 1A1034C8240C66F500E70193 /* Project object */;
			proxyType = 1;
			remoteGlobalIDString = 1A1034CF240C66F500E70193;
			remoteInfo = webpic;
		};
/* End PBXContainerItemProxy section */

/* Begin PBXCopyFilesBuildPhase section */
		1A4D2530244D68B70090C6AB /* CopyFiles */ = {
			isa = PBXCopyFilesBuildPhase;
			buildActionMask = 2147483647;
			dstPath = "";
			dstSubfolderSpec = 7;
			files = (
			);
			runOnlyForDeploymentPostprocessing = 0;
		};
		1A68008524318EB8002BCF87 /* CopyFiles */ = {
			isa = PBXCopyFilesBuildPhase;
			buildActionMask = 2147483647;
			dstPath = "";
			dstSubfolderSpec = 10;
			files = (
				1A6800AB2431AEAE002BCF87 /* libjpeg.9.dylib in CopyFiles */,
				1A6800AD2431AEB2002BCF87 /* libpng16.16.dylib in CopyFiles */,
				1A6800B12431AEB7002BCF87 /* libtiff.5.dylib in CopyFiles */,
				1A6800B32431AEBD002BCF87 /* libwebp.7.dylib in CopyFiles */,
				1A6800B52431AEC0002BCF87 /* libwebpdemux.2.dylib in CopyFiles */,
			);
			runOnlyForDeploymentPostprocessing = 0;
		};
/* End PBXCopyFilesBuildPhase section */

/* Begin PBXFileReference section */
		1A0401BC243D8796004803A5 /* WelcomeView.swift */ = {isa = PBXFileReference; lastKnownFileType = sourcecode.swift; path = WelcomeView.swift; sourceTree = "<group>"; };
		1A1034D0240C66F500E70193 /* Webpic.app */ = {isa = PBXFileReference; explicitFileType = wrapper.application; includeInIndex = 0; path = Webpic.app; sourceTree = BUILT_PRODUCTS_DIR; };
		1A1034D3240C66F500E70193 /* AppDelegate.swift */ = {isa = PBXFileReference; lastKnownFileType = sourcecode.swift; path = AppDelegate.swift; sourceTree = "<group>"; };
		1A1034D5240C66F500E70193 /* Main.swift */ = {isa = PBXFileReference; lastKnownFileType = sourcecode.swift; path = Main.swift; sourceTree = "<group>"; };
		1A1034D7240C66F800E70193 /* Assets.xcassets */ = {isa = PBXFileReference; lastKnownFileType = folder.assetcatalog; path = Assets.xcassets; sourceTree = "<group>"; };
		1A1034DA240C66F800E70193 /* Preview Assets.xcassets */ = {isa = PBXFileReference; lastKnownFileType = folder.assetcatalog; path = "Preview Assets.xcassets"; sourceTree = "<group>"; };
		1A1034DD240C66F800E70193 /* Base */ = {isa = PBXFileReference; lastKnownFileType = file.storyboard; name = Base; path = Base.lproj/Main.storyboard; sourceTree = "<group>"; };
		1A1034DF240C66F800E70193 /* Info.plist */ = {isa = PBXFileReference; lastKnownFileType = text.plist.xml; path = Info.plist; sourceTree = "<group>"; };
		1A1034E0240C66F800E70193 /* webpic.entitlements */ = {isa = PBXFileReference; lastKnownFileType = text.plist.entitlements; path = webpic.entitlements; sourceTree = "<group>"; };
		1A1034E5240C66F800E70193 /* webpicTests.xctest */ = {isa = PBXFileReference; explicitFileType = wrapper.cfbundle; includeInIndex = 0; path = webpicTests.xctest; sourceTree = BUILT_PRODUCTS_DIR; };
		1A1034E9240C66F800E70193 /* webpicTests.swift */ = {isa = PBXFileReference; lastKnownFileType = sourcecode.swift; path = webpicTests.swift; sourceTree = "<group>"; };
		1A1034EB240C66F800E70193 /* Info.plist */ = {isa = PBXFileReference; lastKnownFileType = text.plist.xml; path = Info.plist; sourceTree = "<group>"; };
		1A1034F0240C66F800E70193 /* webpicUITests.xctest */ = {isa = PBXFileReference; explicitFileType = wrapper.cfbundle; includeInIndex = 0; path = webpicUITests.xctest; sourceTree = BUILT_PRODUCTS_DIR; };
		1A1034F4240C66F800E70193 /* webpicUITests.swift */ = {isa = PBXFileReference; lastKnownFileType = sourcecode.swift; path = webpicUITests.swift; sourceTree = "<group>"; };
		1A1034F6240C66F800E70193 /* Info.plist */ = {isa = PBXFileReference; lastKnownFileType = text.plist.xml; path = Info.plist; sourceTree = "<group>"; };
		1A103502240CA73F00E70193 /* NavigationDetail.swift */ = {isa = PBXFileReference; lastKnownFileType = sourcecode.swift; path = NavigationDetail.swift; sourceTree = "<group>"; };
		1A103504240CCA3600E70193 /* ProgressBar.swift */ = {isa = PBXFileReference; lastKnownFileType = sourcecode.swift; path = ProgressBar.swift; sourceTree = "<group>"; };
		1A103506240CCA6200E70193 /* CTAButton.swift */ = {isa = PBXFileReference; lastKnownFileType = sourcecode.swift; path = CTAButton.swift; sourceTree = "<group>"; };
		1A103508240CCB1200E70193 /* Double+Clamp.swift */ = {isa = PBXFileReference; lastKnownFileType = sourcecode.swift; path = "Double+Clamp.swift"; sourceTree = "<group>"; };
		1A10350A240CCB3400E70193 /* NavigationRow.swift */ = {isa = PBXFileReference; lastKnownFileType = sourcecode.swift; path = NavigationRow.swift; sourceTree = "<group>"; };
		1A10350D240CCBE100E70193 /* JILImage.swift */ = {isa = PBXFileReference; lastKnownFileType = sourcecode.swift; path = JILImage.swift; sourceTree = "<group>"; };
		1A23A75C24A84C6F008690EF /* PNGProcess.swift */ = {isa = PBXFileReference; lastKnownFileType = sourcecode.swift; path = PNGProcess.swift; sourceTree = "<group>"; };
		1A23A75E24A84FA6008690EF /* ImageOptionsViewModel.swift */ = {isa = PBXFileReference; lastKnownFileType = sourcecode.swift; path = ImageOptionsViewModel.swift; sourceTree = "<group>"; };
		1A23A76024A91949008690EF /* FakeData.swift */ = {isa = PBXFileReference; lastKnownFileType = sourcecode.swift; path = FakeData.swift; sourceTree = "<group>"; };
		1A522A232480867700DE3D98 /* SidebarDropDelegate.swift */ = {isa = PBXFileReference; lastKnownFileType = sourcecode.swift; path = SidebarDropDelegate.swift; sourceTree = "<group>"; };
		1A522A2724808A7E00DE3D98 /* ImageOptions.swift */ = {isa = PBXFileReference; lastKnownFileType = sourcecode.swift; path = ImageOptions.swift; sourceTree = "<group>"; };
		1A522A292480A7FB00DE3D98 /* ListActions.swift */ = {isa = PBXFileReference; lastKnownFileType = sourcecode.swift; path = ListActions.swift; sourceTree = "<group>"; };
		1A522A2B24845FA000DE3D98 /* NSImage+Resize.swift */ = {isa = PBXFileReference; lastKnownFileType = sourcecode.swift; path = "NSImage+Resize.swift"; sourceTree = "<group>"; };
		1A522A2D248D8B9600DE3D98 /* Retry.swift */ = {isa = PBXFileReference; lastKnownFileType = sourcecode.swift; path = Retry.swift; sourceTree = "<group>"; };
		1A680063243116A5002BCF87 /* lib */ = {isa = PBXFileReference; lastKnownFileType = folder; path = lib; sourceTree = "<group>"; };
		1A6800652431172A002BCF87 /* JpegProcess.swift */ = {isa = PBXFileReference; lastKnownFileType = sourcecode.swift; path = JpegProcess.swift; sourceTree = "<group>"; };
		1A68006824312084002BCF87 /* libwebpdemux.2.dylib */ = {isa = PBXFileReference; lastKnownFileType = "compiled.mach-o.dylib"; name = libwebpdemux.2.dylib; path = "../../Library/Developer/Xcode/DerivedData/webpic-gftsfyfgnnsdfbcikkpzqvxhkiio/Build/Products/Debug/webpic.app/Contents/Resources/lib/libwebpdemux.2.dylib"; sourceTree = "<group>"; };
		1A68006C243120DA002BCF87 /* cwebp */ = {isa = PBXFileReference; lastKnownFileType = "compiled.mach-o.executable"; name = cwebp; path = "../../Library/Developer/Xcode/DerivedData/webpic-gftsfyfgnnsdfbcikkpzqvxhkiio/Build/Products/Debug/webpic.app/Contents/Resources/lib/cwebp"; sourceTree = "<group>"; };
		1A680070243121B6002BCF87 /* libwebpdemux.2.dylib */ = {isa = PBXFileReference; lastKnownFileType = "compiled.mach-o.dylib"; name = libwebpdemux.2.dylib; path = webpic/lib/libwebpdemux.2.dylib; sourceTree = "<group>"; };
		1A68007624318E85002BCF87 /* libpng16.16.dylib */ = {isa = PBXFileReference; lastKnownFileType = "compiled.mach-o.dylib"; name = libpng16.16.dylib; path = "../../Library/Developer/Xcode/DerivedData/webpic-gftsfyfgnnsdfbcikkpzqvxhkiio/Build/Products/Debug/webpic.app/Contents/Resources/lib/libpng16.16.dylib"; sourceTree = "<group>"; };
		1A68007724318E85002BCF87 /* libjpeg.9.dylib */ = {isa = PBXFileReference; lastKnownFileType = "compiled.mach-o.dylib"; name = libjpeg.9.dylib; path = "../../Library/Developer/Xcode/DerivedData/webpic-gftsfyfgnnsdfbcikkpzqvxhkiio/Build/Products/Debug/webpic.app/Contents/Resources/lib/libjpeg.9.dylib"; sourceTree = "<group>"; };
		1A68007824318E85002BCF87 /* libtiff.5.dylib */ = {isa = PBXFileReference; lastKnownFileType = "compiled.mach-o.dylib"; name = libtiff.5.dylib; path = "../../Library/Developer/Xcode/DerivedData/webpic-gftsfyfgnnsdfbcikkpzqvxhkiio/Build/Products/Debug/webpic.app/Contents/Resources/lib/libtiff.5.dylib"; sourceTree = "<group>"; };
		1A68007924318E85002BCF87 /* libSystem.B.dylib */ = {isa = PBXFileReference; lastKnownFileType = "compiled.mach-o.dylib"; name = libSystem.B.dylib; path = "../../Library/Developer/Xcode/DerivedData/webpic-gftsfyfgnnsdfbcikkpzqvxhkiio/Build/Products/Debug/webpic.app/Contents/Resources/lib/libSystem.B.dylib"; sourceTree = "<group>"; };
		1A68007A24318E85002BCF87 /* libwebp.7.dylib */ = {isa = PBXFileReference; lastKnownFileType = "compiled.mach-o.dylib"; name = libwebp.7.dylib; path = "../../Library/Developer/Xcode/DerivedData/webpic-gftsfyfgnnsdfbcikkpzqvxhkiio/Build/Products/Debug/webpic.app/Contents/Resources/lib/libwebp.7.dylib"; sourceTree = "<group>"; };
		1A6800AA2431AEAE002BCF87 /* libjpeg.9.dylib */ = {isa = PBXFileReference; lastKnownFileType = "compiled.mach-o.dylib"; name = libjpeg.9.dylib; path = webpic/lib/libjpeg.9.dylib; sourceTree = "<group>"; };
		1A6800AC2431AEB2002BCF87 /* libpng16.16.dylib */ = {isa = PBXFileReference; lastKnownFileType = "compiled.mach-o.dylib"; name = libpng16.16.dylib; path = webpic/lib/libpng16.16.dylib; sourceTree = "<group>"; };
		1A6800AE2431AEB4002BCF87 /* libSystem.B.dylib */ = {isa = PBXFileReference; lastKnownFileType = "compiled.mach-o.dylib"; name = libSystem.B.dylib; path = webpic/lib/libSystem.B.dylib; sourceTree = "<group>"; };
		1A6800B02431AEB7002BCF87 /* libtiff.5.dylib */ = {isa = PBXFileReference; lastKnownFileType = "compiled.mach-o.dylib"; name = libtiff.5.dylib; path = webpic/lib/libtiff.5.dylib; sourceTree = "<group>"; };
		1A6800B22431AEBD002BCF87 /* libwebp.7.dylib */ = {isa = PBXFileReference; lastKnownFileType = "compiled.mach-o.dylib"; name = libwebp.7.dylib; path = webpic/lib/libwebp.7.dylib; sourceTree = "<group>"; };
		1A6800B42431AEC0002BCF87 /* libwebpdemux.2.dylib */ = {isa = PBXFileReference; lastKnownFileType = "compiled.mach-o.dylib"; name = libwebpdemux.2.dylib; path = webpic/lib/libwebpdemux.2.dylib; sourceTree = "<group>"; };
		1A7A6D9424148F43003CB7FB /* NSImage+GenerateThumbnail.swift */ = {isa = PBXFileReference; lastKnownFileType = sourcecode.swift; path = "NSImage+GenerateThumbnail.swift"; sourceTree = "<group>"; };
		1A7A6D9624148F5B003CB7FB /* UInt64+FormatBytes.swift */ = {isa = PBXFileReference; lastKnownFileType = sourcecode.swift; path = "UInt64+FormatBytes.swift"; sourceTree = "<group>"; };
		1A7A6D9B2418977D003CB7FB /* WebPProcess.swift */ = {isa = PBXFileReference; lastKnownFileType = sourcecode.swift; path = WebPProcess.swift; sourceTree = "<group>"; };
		1AA9C6F4249EE693001871A3 /* TempFile.swift */ = {isa = PBXFileReference; lastKnownFileType = sourcecode.swift; path = TempFile.swift; sourceTree = "<group>"; };
		1AD8DB1B243D96AE00BF7109 /* WebpicWindow.swift */ = {isa = PBXFileReference; lastKnownFileType = sourcecode.swift; path = WebpicWindow.swift; sourceTree = "<group>"; };
		1AD8DB1D243D971900BF7109 /* ImageManager.swift */ = {isa = PBXFileReference; lastKnownFileType = sourcecode.swift; path = ImageManager.swift; sourceTree = "<group>"; };
/* End PBXFileReference section */

/* Begin PBXFrameworksBuildPhase section */
		1A1034CD240C66F500E70193 /* Frameworks */ = {
			isa = PBXFrameworksBuildPhase;
			buildActionMask = 2147483647;
			files = (
			);
			runOnlyForDeploymentPostprocessing = 0;
		};
		1A1034E2240C66F800E70193 /* Frameworks */ = {
			isa = PBXFrameworksBuildPhase;
			buildActionMask = 2147483647;
			files = (
			);
			runOnlyForDeploymentPostprocessing = 0;
		};
		1A1034ED240C66F800E70193 /* Frameworks */ = {
			isa = PBXFrameworksBuildPhase;
			buildActionMask = 2147483647;
			files = (
			);
			runOnlyForDeploymentPostprocessing = 0;
		};
/* End PBXFrameworksBuildPhase section */

/* Begin PBXGroup section */
		1A1034C7240C66F500E70193 = {
			isa = PBXGroup;
			children = (
				1A6800B42431AEC0002BCF87 /* libwebpdemux.2.dylib */,
				1A6800B22431AEBD002BCF87 /* libwebp.7.dylib */,
				1A6800B02431AEB7002BCF87 /* libtiff.5.dylib */,
				1A6800AE2431AEB4002BCF87 /* libSystem.B.dylib */,
				1A6800AC2431AEB2002BCF87 /* libpng16.16.dylib */,
				1A6800AA2431AEAE002BCF87 /* libjpeg.9.dylib */,
				1A1034D2240C66F500E70193 /* webpic */,
				1A1034E8240C66F800E70193 /* webpicTests */,
				1A1034F3240C66F800E70193 /* webpicUITests */,
				1A1034D1240C66F500E70193 /* Products */,
				1A68006724312084002BCF87 /* Frameworks */,
			);
			sourceTree = "<group>";
		};
		1A1034D1240C66F500E70193 /* Products */ = {
			isa = PBXGroup;
			children = (
				1A1034D0240C66F500E70193 /* Webpic.app */,
				1A1034E5240C66F800E70193 /* webpicTests.xctest */,
				1A1034F0240C66F800E70193 /* webpicUITests.xctest */,
			);
			name = Products;
			sourceTree = "<group>";
		};
		1A1034D2240C66F500E70193 /* webpic */ = {
			isa = PBXGroup;
			children = (
				1A680063243116A5002BCF87 /* lib */,
				1A1034E0240C66F800E70193 /* webpic.entitlements */,
				1A23A75E24A84FA6008690EF /* ImageOptionsViewModel.swift */,
				1A1034DF240C66F800E70193 /* Info.plist */,
				1A1034D3240C66F500E70193 /* AppDelegate.swift */,
				1AD8DB1D243D971900BF7109 /* ImageManager.swift */,
				1A10350D240CCBE100E70193 /* JILImage.swift */,
				1A6800652431172A002BCF87 /* JpegProcess.swift */,
				1A23A75C24A84C6F008690EF /* PNGProcess.swift */,
				1AD8DB1B243D96AE00BF7109 /* WebpicWindow.swift */,
				1A7A6D9B2418977D003CB7FB /* WebPProcess.swift */,
				1A1034D7240C66F800E70193 /* Assets.xcassets */,
				1A7A6D9824148F66003CB7FB /* Extensions */,
				1A1034DC240C66F800E70193 /* Main.storyboard */,
				1A1034D9240C66F800E70193 /* Preview Content */,
				1A522A222480866100DE3D98 /* View Adjacent */,
				1A10350C240CCBB400E70193 /* Views */,
				1AA9C6F4249EE693001871A3 /* TempFile.swift */,
			);
			path = webpic;
			sourceTree = "<group>";
		};
		1A1034D9240C66F800E70193 /* Preview Content */ = {
			isa = PBXGroup;
			children = (
				1A1034DA240C66F800E70193 /* Preview Assets.xcassets */,
			);
			path = "Preview Content";
			sourceTree = "<group>";
		};
		1A1034E8240C66F800E70193 /* webpicTests */ = {
			isa = PBXGroup;
			children = (
				1A1034E9240C66F800E70193 /* webpicTests.swift */,
				1A1034EB240C66F800E70193 /* Info.plist */,
			);
			path = webpicTests;
			sourceTree = "<group>";
		};
		1A1034F3240C66F800E70193 /* webpicUITests */ = {
			isa = PBXGroup;
			children = (
				1A1034F4240C66F800E70193 /* webpicUITests.swift */,
				1A1034F6240C66F800E70193 /* Info.plist */,
			);
			path = webpicUITests;
			sourceTree = "<group>";
		};
		1A10350C240CCBB400E70193 /* Views */ = {
			isa = PBXGroup;
			children = (
				1A522A2624808A6B00DE3D98 /* NavigationDetail */,
				1A522A2524808A5900DE3D98 /* Util */,
				1A1034D5240C66F500E70193 /* Main.swift */,
				1A10350A240CCB3400E70193 /* NavigationRow.swift */,
				1A0401BC243D8796004803A5 /* WelcomeView.swift */,
				1A522A292480A7FB00DE3D98 /* ListActions.swift */,
			);
			path = Views;
			sourceTree = "<group>";
		};
		1A522A222480866100DE3D98 /* View Adjacent */ = {
			isa = PBXGroup;
			children = (
				1A522A232480867700DE3D98 /* SidebarDropDelegate.swift */,
			);
			path = "View Adjacent";
			sourceTree = "<group>";
		};
		1A522A2524808A5900DE3D98 /* Util */ = {
			isa = PBXGroup;
			children = (
				1A103506240CCA6200E70193 /* CTAButton.swift */,
				1A103504240CCA3600E70193 /* ProgressBar.swift */,
			);
			path = Util;
			sourceTree = "<group>";
		};
		1A522A2624808A6B00DE3D98 /* NavigationDetail */ = {
			isa = PBXGroup;
			children = (
				1A103502240CA73F00E70193 /* NavigationDetail.swift */,
				1A522A2724808A7E00DE3D98 /* ImageOptions.swift */,
			);
			path = NavigationDetail;
			sourceTree = "<group>";
		};
		1A68006724312084002BCF87 /* Frameworks */ = {
			isa = PBXGroup;
			children = (
				1A68007724318E85002BCF87 /* libjpeg.9.dylib */,
				1A68007624318E85002BCF87 /* libpng16.16.dylib */,
				1A68007924318E85002BCF87 /* libSystem.B.dylib */,
				1A68007824318E85002BCF87 /* libtiff.5.dylib */,
				1A68007A24318E85002BCF87 /* libwebp.7.dylib */,
				1A680070243121B6002BCF87 /* libwebpdemux.2.dylib */,
				1A68006C243120DA002BCF87 /* cwebp */,
				1A68006824312084002BCF87 /* libwebpdemux.2.dylib */,
			);
			name = Frameworks;
			sourceTree = "<group>";
		};
		1A7A6D9824148F66003CB7FB /* Extensions */ = {
			isa = PBXGroup;
			children = (
				1A103508240CCB1200E70193 /* Double+Clamp.swift */,
				1A7A6D9424148F43003CB7FB /* NSImage+GenerateThumbnail.swift */,
				1A7A6D9624148F5B003CB7FB /* UInt64+FormatBytes.swift */,
				1A522A2B24845FA000DE3D98 /* NSImage+Resize.swift */,
				1A23A76024A91949008690EF /* FakeData.swift */,
				1A522A2D248D8B9600DE3D98 /* Retry.swift */,
			);
			path = Extensions;
			sourceTree = "<group>";
		};
/* End PBXGroup section */

/* Begin PBXNativeTarget section */
		1A1034CF240C66F500E70193 /* Webpic */ = {
			isa = PBXNativeTarget;
			buildConfigurationList = 1A1034F9240C66F800E70193 /* Build configuration list for PBXNativeTarget "Webpic" */;
			buildPhases = (
				1A1034CC240C66F500E70193 /* Sources */,
				1A1034CD240C66F500E70193 /* Frameworks */,
				1A1034CE240C66F500E70193 /* Resources */,
				1A68008524318EB8002BCF87 /* CopyFiles */,
				1A4D2530244D68B70090C6AB /* CopyFiles */,
			);
			buildRules = (
			);
			dependencies = (
			);
			name = Webpic;
			productName = webpic;
			productReference = 1A1034D0240C66F500E70193 /* Webpic.app */;
			productType = "com.apple.product-type.application";
		};
		1A1034E4240C66F800E70193 /* webpicTests */ = {
			isa = PBXNativeTarget;
			buildConfigurationList = 1A1034FC240C66F800E70193 /* Build configuration list for PBXNativeTarget "webpicTests" */;
			buildPhases = (
				1A1034E1240C66F800E70193 /* Sources */,
				1A1034E2240C66F800E70193 /* Frameworks */,
				1A1034E3240C66F800E70193 /* Resources */,
			);
			buildRules = (
			);
			dependencies = (
				1A1034E7240C66F800E70193 /* PBXTargetDependency */,
			);
			name = webpicTests;
			productName = webpicTests;
			productReference = 1A1034E5240C66F800E70193 /* webpicTests.xctest */;
			productType = "com.apple.product-type.bundle.unit-test";
		};
		1A1034EF240C66F800E70193 /* webpicUITests */ = {
			isa = PBXNativeTarget;
			buildConfigurationList = 1A1034FF240C66F800E70193 /* Build configuration list for PBXNativeTarget "webpicUITests" */;
			buildPhases = (
				1A1034EC240C66F800E70193 /* Sources */,
				1A1034ED240C66F800E70193 /* Frameworks */,
				1A1034EE240C66F800E70193 /* Resources */,
			);
			buildRules = (
			);
			dependencies = (
				1A1034F2240C66F800E70193 /* PBXTargetDependency */,
			);
			name = webpicUITests;
			productName = webpicUITests;
			productReference = 1A1034F0240C66F800E70193 /* webpicUITests.xctest */;
			productType = "com.apple.product-type.bundle.ui-testing";
		};
/* End PBXNativeTarget section */

/* Begin PBXProject section */
		1A1034C8240C66F500E70193 /* Project object */ = {
			isa = PBXProject;
			attributes = {
				LastSwiftUpdateCheck = 1130;
				LastUpgradeCheck = 1200;
				ORGANIZATIONNAME = "James Little";
				TargetAttributes = {
					1A1034CF240C66F500E70193 = {
						CreatedOnToolsVersion = 11.3.1;
					};
					1A1034E4240C66F800E70193 = {
						CreatedOnToolsVersion = 11.3.1;
						TestTargetID = 1A1034CF240C66F500E70193;
					};
					1A1034EF240C66F800E70193 = {
						CreatedOnToolsVersion = 11.3.1;
						TestTargetID = 1A1034CF240C66F500E70193;
					};
				};
			};
			buildConfigurationList = 1A1034CB240C66F500E70193 /* Build configuration list for PBXProject "webpic" */;
			compatibilityVersion = "Xcode 9.3";
			developmentRegion = en;
			hasScannedForEncodings = 0;
			knownRegions = (
				en,
				Base,
			);
			mainGroup = 1A1034C7240C66F500E70193;
			productRefGroup = 1A1034D1240C66F500E70193 /* Products */;
			projectDirPath = "";
			projectRoot = "";
			targets = (
				1A1034CF240C66F500E70193 /* Webpic */,
				1A1034E4240C66F800E70193 /* webpicTests */,
				1A1034EF240C66F800E70193 /* webpicUITests */,
			);
		};
/* End PBXProject section */

/* Begin PBXResourcesBuildPhase section */
		1A1034CE240C66F500E70193 /* Resources */ = {
			isa = PBXResourcesBuildPhase;
			buildActionMask = 2147483647;
			files = (
				1A1034DE240C66F800E70193 /* Main.storyboard in Resources */,
				1A1034DB240C66F800E70193 /* Preview Assets.xcassets in Resources */,
				1A680064243116A5002BCF87 /* lib in Resources */,
				1A1034D8240C66F800E70193 /* Assets.xcassets in Resources */,
			);
			runOnlyForDeploymentPostprocessing = 0;
		};
		1A1034E3240C66F800E70193 /* Resources */ = {
			isa = PBXResourcesBuildPhase;
			buildActionMask = 2147483647;
			files = (
			);
			runOnlyForDeploymentPostprocessing = 0;
		};
		1A1034EE240C66F800E70193 /* Resources */ = {
			isa = PBXResourcesBuildPhase;
			buildActionMask = 2147483647;
			files = (
			);
			runOnlyForDeploymentPostprocessing = 0;
		};
/* End PBXResourcesBuildPhase section */

/* Begin PBXSourcesBuildPhase section */
		1A1034CC240C66F500E70193 /* Sources */ = {
			isa = PBXSourcesBuildPhase;
			buildActionMask = 2147483647;
			files = (
				1A522A2E248D8B9600DE3D98 /* Retry.swift in Sources */,
				1A103507240CCA6200E70193 /* CTAButton.swift in Sources */,
				1A10350B240CCB3400E70193 /* NavigationRow.swift in Sources */,
				1AA9C6F5249EE693001871A3 /* TempFile.swift in Sources */,
				1A522A2824808A7E00DE3D98 /* ImageOptions.swift in Sources */,
				1A1034D6240C66F500E70193 /* Main.swift in Sources */,
				1A10350E240CCBE100E70193 /* JILImage.swift in Sources */,
				1A7A6D9C2418977D003CB7FB /* WebPProcess.swift in Sources */,
				1A6800662431172A002BCF87 /* JpegProcess.swift in Sources */,
				1AD8DB1E243D971900BF7109 /* ImageManager.swift in Sources */,
				1A0401BD243D8796004803A5 /* WelcomeView.swift in Sources */,
				1A522A2A2480A7FB00DE3D98 /* ListActions.swift in Sources */,
				1A522A2C24845FA000DE3D98 /* NSImage+Resize.swift in Sources */,
				1AD8DB1C243D96AE00BF7109 /* WebpicWindow.swift in Sources */,
				1A1034D4240C66F500E70193 /* AppDelegate.swift in Sources */,
				1A23A75D24A84C6F008690EF /* PNGProcess.swift in Sources */,
				1A103505240CCA3600E70193 /* ProgressBar.swift in Sources */,
				1A7A6D9724148F5B003CB7FB /* UInt64+FormatBytes.swift in Sources */,
				1A103509240CCB1200E70193 /* Double+Clamp.swift in Sources */,
				1A7A6D9524148F43003CB7FB /* NSImage+GenerateThumbnail.swift in Sources */,
				1A23A76124A91949008690EF /* FakeData.swift in Sources */,
				1A522A242480867700DE3D98 /* SidebarDropDelegate.swift in Sources */,
				1A103503240CA73F00E70193 /* NavigationDetail.swift in Sources */,
				1A23A75F24A84FA6008690EF /* ImageOptionsViewModel.swift in Sources */,
			);
			runOnlyForDeploymentPostprocessing = 0;
		};
		1A1034E1240C66F800E70193 /* Sources */ = {
			isa = PBXSourcesBuildPhase;
			buildActionMask = 2147483647;
			files = (
				1A1034EA240C66F800E70193 /* webpicTests.swift in Sources */,
			);
			runOnlyForDeploymentPostprocessing = 0;
		};
		1A1034EC240C66F800E70193 /* Sources */ = {
			isa = PBXSourcesBuildPhase;
			buildActionMask = 2147483647;
			files = (
				1A1034F5240C66F800E70193 /* webpicUITests.swift in Sources */,
			);
			runOnlyForDeploymentPostprocessing = 0;
		};
/* End PBXSourcesBuildPhase section */

/* Begin PBXTargetDependency section */
		1A1034E7240C66F800E70193 /* PBXTargetDependency */ = {
			isa = PBXTargetDependency;
			target = 1A1034CF240C66F500E70193 /* Webpic */;
			targetProxy = 1A1034E6240C66F800E70193 /* PBXContainerItemProxy */;
		};
		1A1034F2240C66F800E70193 /* PBXTargetDependency */ = {
			isa = PBXTargetDependency;
			target = 1A1034CF240C66F500E70193 /* Webpic */;
			targetProxy = 1A1034F1240C66F800E70193 /* PBXContainerItemProxy */;
		};
/* End PBXTargetDependency section */

/* Begin PBXVariantGroup section */
		1A1034DC240C66F800E70193 /* Main.storyboard */ = {
			isa = PBXVariantGroup;
			children = (
				1A1034DD240C66F800E70193 /* Base */,
			);
			name = Main.storyboard;
			sourceTree = "<group>";
		};
/* End PBXVariantGroup section */

/* Begin XCBuildConfiguration section */
		1A1034F7240C66F800E70193 /* Debug */ = {
			isa = XCBuildConfiguration;
			buildSettings = {
				ALWAYS_SEARCH_USER_PATHS = NO;
				CLANG_ANALYZER_NONNULL = YES;
				CLANG_ANALYZER_NUMBER_OBJECT_CONVERSION = YES_AGGRESSIVE;
				CLANG_CXX_LANGUAGE_STANDARD = "gnu++14";
				CLANG_CXX_LIBRARY = "libc++";
				CLANG_ENABLE_MODULES = YES;
				CLANG_ENABLE_OBJC_ARC = YES;
				CLANG_ENABLE_OBJC_WEAK = YES;
				CLANG_WARN_BLOCK_CAPTURE_AUTORELEASING = YES;
				CLANG_WARN_BOOL_CONVERSION = YES;
				CLANG_WARN_COMMA = YES;
				CLANG_WARN_CONSTANT_CONVERSION = YES;
				CLANG_WARN_DEPRECATED_OBJC_IMPLEMENTATIONS = YES;
				CLANG_WARN_DIRECT_OBJC_ISA_USAGE = YES_ERROR;
				CLANG_WARN_DOCUMENTATION_COMMENTS = YES;
				CLANG_WARN_EMPTY_BODY = YES;
				CLANG_WARN_ENUM_CONVERSION = YES;
				CLANG_WARN_INFINITE_RECURSION = YES;
				CLANG_WARN_INT_CONVERSION = YES;
				CLANG_WARN_NON_LITERAL_NULL_CONVERSION = YES;
				CLANG_WARN_OBJC_IMPLICIT_RETAIN_SELF = YES;
				CLANG_WARN_OBJC_LITERAL_CONVERSION = YES;
				CLANG_WARN_OBJC_ROOT_CLASS = YES_ERROR;
				CLANG_WARN_QUOTED_INCLUDE_IN_FRAMEWORK_HEADER = YES;
				CLANG_WARN_RANGE_LOOP_ANALYSIS = YES;
				CLANG_WARN_STRICT_PROTOTYPES = YES;
				CLANG_WARN_SUSPICIOUS_MOVE = YES;
				CLANG_WARN_UNGUARDED_AVAILABILITY = YES_AGGRESSIVE;
				CLANG_WARN_UNREACHABLE_CODE = YES;
				CLANG_WARN__DUPLICATE_METHOD_MATCH = YES;
				COPY_PHASE_STRIP = NO;
				DEBUG_INFORMATION_FORMAT = dwarf;
				ENABLE_STRICT_OBJC_MSGSEND = YES;
				ENABLE_TESTABILITY = YES;
				GCC_C_LANGUAGE_STANDARD = gnu11;
				GCC_DYNAMIC_NO_PIC = NO;
				GCC_NO_COMMON_BLOCKS = YES;
				GCC_OPTIMIZATION_LEVEL = 0;
				GCC_PREPROCESSOR_DEFINITIONS = (
					"DEBUG=1",
					"$(inherited)",
				);
				GCC_WARN_64_TO_32_BIT_CONVERSION = YES;
				GCC_WARN_ABOUT_RETURN_TYPE = YES_ERROR;
				GCC_WARN_UNDECLARED_SELECTOR = YES;
				GCC_WARN_UNINITIALIZED_AUTOS = YES_AGGRESSIVE;
				GCC_WARN_UNUSED_FUNCTION = YES;
				GCC_WARN_UNUSED_VARIABLE = YES;
				MACOSX_DEPLOYMENT_TARGET = 10.15;
				MTL_ENABLE_DEBUG_INFO = INCLUDE_SOURCE;
				MTL_FAST_MATH = YES;
				ONLY_ACTIVE_ARCH = YES;
				SDKROOT = macosx;
				SWIFT_ACTIVE_COMPILATION_CONDITIONS = DEBUG;
				SWIFT_OPTIMIZATION_LEVEL = "-Onone";
			};
			name = Debug;
		};
		1A1034F8240C66F800E70193 /* Release */ = {
			isa = XCBuildConfiguration;
			buildSettings = {
				ALWAYS_SEARCH_USER_PATHS = NO;
				CLANG_ANALYZER_NONNULL = YES;
				CLANG_ANALYZER_NUMBER_OBJECT_CONVERSION = YES_AGGRESSIVE;
				CLANG_CXX_LANGUAGE_STANDARD = "gnu++14";
				CLANG_CXX_LIBRARY = "libc++";
				CLANG_ENABLE_MODULES = YES;
				CLANG_ENABLE_OBJC_ARC = YES;
				CLANG_ENABLE_OBJC_WEAK = YES;
				CLANG_WARN_BLOCK_CAPTURE_AUTORELEASING = YES;
				CLANG_WARN_BOOL_CONVERSION = YES;
				CLANG_WARN_COMMA = YES;
				CLANG_WARN_CONSTANT_CONVERSION = YES;
				CLANG_WARN_DEPRECATED_OBJC_IMPLEMENTATIONS = YES;
				CLANG_WARN_DIRECT_OBJC_ISA_USAGE = YES_ERROR;
				CLANG_WARN_DOCUMENTATION_COMMENTS = YES;
				CLANG_WARN_EMPTY_BODY = YES;
				CLANG_WARN_ENUM_CONVERSION = YES;
				CLANG_WARN_INFINITE_RECURSION = YES;
				CLANG_WARN_INT_CONVERSION = YES;
				CLANG_WARN_NON_LITERAL_NULL_CONVERSION = YES;
				CLANG_WARN_OBJC_IMPLICIT_RETAIN_SELF = YES;
				CLANG_WARN_OBJC_LITERAL_CONVERSION = YES;
				CLANG_WARN_OBJC_ROOT_CLASS = YES_ERROR;
				CLANG_WARN_QUOTED_INCLUDE_IN_FRAMEWORK_HEADER = YES;
				CLANG_WARN_RANGE_LOOP_ANALYSIS = YES;
				CLANG_WARN_STRICT_PROTOTYPES = YES;
				CLANG_WARN_SUSPICIOUS_MOVE = YES;
				CLANG_WARN_UNGUARDED_AVAILABILITY = YES_AGGRESSIVE;
				CLANG_WARN_UNREACHABLE_CODE = YES;
				CLANG_WARN__DUPLICATE_METHOD_MATCH = YES;
				COPY_PHASE_STRIP = NO;
				DEBUG_INFORMATION_FORMAT = "dwarf-with-dsym";
				ENABLE_NS_ASSERTIONS = NO;
				ENABLE_STRICT_OBJC_MSGSEND = YES;
				GCC_C_LANGUAGE_STANDARD = gnu11;
				GCC_NO_COMMON_BLOCKS = YES;
				GCC_WARN_64_TO_32_BIT_CONVERSION = YES;
				GCC_WARN_ABOUT_RETURN_TYPE = YES_ERROR;
				GCC_WARN_UNDECLARED_SELECTOR = YES;
				GCC_WARN_UNINITIALIZED_AUTOS = YES_AGGRESSIVE;
				GCC_WARN_UNUSED_FUNCTION = YES;
				GCC_WARN_UNUSED_VARIABLE = YES;
				MACOSX_DEPLOYMENT_TARGET = 10.15;
				MTL_ENABLE_DEBUG_INFO = NO;
				MTL_FAST_MATH = YES;
				SDKROOT = macosx;
				SWIFT_COMPILATION_MODE = wholemodule;
				SWIFT_OPTIMIZATION_LEVEL = "-O";
			};
			name = Release;
		};
		1A1034FA240C66F800E70193 /* Debug */ = {
			isa = XCBuildConfiguration;
			buildSettings = {
				ASSETCATALOG_COMPILER_APPICON_NAME = AppIcon;
				CODE_SIGN_ENTITLEMENTS = webpic/webpic.entitlements;
				CODE_SIGN_IDENTITY = "-";
				CODE_SIGN_STYLE = Automatic;
				COMBINE_HIDPI_IMAGES = YES;
				DEVELOPMENT_ASSET_PATHS = "\"webpic/Preview Content\"";
				DEVELOPMENT_TEAM = AECQ5ZFNX8;
				ENABLE_PREVIEWS = YES;
				INFOPLIST_FILE = webpic/Info.plist;
				LD_RUNPATH_SEARCH_PATHS = (
					"$(inherited)",
					"@executable_path/../Frameworks",
				);
				MACOSX_DEPLOYMENT_TARGET = 10.15;
				PRODUCT_BUNDLE_IDENTIFIER = me.jameslittle.webpic;
				PRODUCT_NAME = "$(TARGET_NAME)";
				SWIFT_VERSION = 5.0;
			};
			name = Debug;
		};
		1A1034FB240C66F800E70193 /* Release */ = {
			isa = XCBuildConfiguration;
			buildSettings = {
				ASSETCATALOG_COMPILER_APPICON_NAME = AppIcon;
				CODE_SIGN_ENTITLEMENTS = webpic/webpic.entitlements;
				CODE_SIGN_IDENTITY = "-";
				CODE_SIGN_STYLE = Automatic;
				COMBINE_HIDPI_IMAGES = YES;
				DEVELOPMENT_ASSET_PATHS = "\"webpic/Preview Content\"";
				DEVELOPMENT_TEAM = AECQ5ZFNX8;
				ENABLE_PREVIEWS = YES;
				INFOPLIST_FILE = webpic/Info.plist;
				LD_RUNPATH_SEARCH_PATHS = (
					"$(inherited)",
					"@executable_path/../Frameworks",
				);
				MACOSX_DEPLOYMENT_TARGET = 10.15;
				PRODUCT_BUNDLE_IDENTIFIER = me.jameslittle.webpic;
				PRODUCT_NAME = "$(TARGET_NAME)";
				SWIFT_VERSION = 5.0;
			};
			name = Release;
		};
		1A1034FD240C66F800E70193 /* Debug */ = {
			isa = XCBuildConfiguration;
			buildSettings = {
				ALWAYS_EMBED_SWIFT_STANDARD_LIBRARIES = YES;
				BUNDLE_LOADER = "$(TEST_HOST)";
				CODE_SIGN_STYLE = Automatic;
				COMBINE_HIDPI_IMAGES = YES;
				INFOPLIST_FILE = webpicTests/Info.plist;
				LD_RUNPATH_SEARCH_PATHS = (
					"$(inherited)",
					"@executable_path/../Frameworks",
					"@loader_path/../Frameworks",
				);
				MACOSX_DEPLOYMENT_TARGET = 10.15;
				PRODUCT_BUNDLE_IDENTIFIER = me.jameslittle.webpicTests;
				PRODUCT_NAME = "$(TARGET_NAME)";
				SWIFT_VERSION = 5.0;
				TEST_HOST = "$(BUILT_PRODUCTS_DIR)/webpic.app/Contents/MacOS/webpic";
			};
			name = Debug;
		};
		1A1034FE240C66F800E70193 /* Release */ = {
			isa = XCBuildConfiguration;
			buildSettings = {
				ALWAYS_EMBED_SWIFT_STANDARD_LIBRARIES = YES;
				BUNDLE_LOADER = "$(TEST_HOST)";
				CODE_SIGN_STYLE = Automatic;
				COMBINE_HIDPI_IMAGES = YES;
				INFOPLIST_FILE = webpicTests/Info.plist;
				LD_RUNPATH_SEARCH_PATHS = (
					"$(inherited)",
					"@executable_path/../Frameworks",
					"@loader_path/../Frameworks",
				);
				MACOSX_DEPLOYMENT_TARGET = 10.15;
				PRODUCT_BUNDLE_IDENTIFIER = me.jameslittle.webpicTests;
				PRODUCT_NAME = "$(TARGET_NAME)";
				SWIFT_VERSION = 5.0;
				TEST_HOST = "$(BUILT_PRODUCTS_DIR)/webpic.app/Contents/MacOS/webpic";
			};
			name = Release;
		};
		1A103500240C66F800E70193 /* Debug */ = {
			isa = XCBuildConfiguration;
			buildSettings = {
				ALWAYS_EMBED_SWIFT_STANDARD_LIBRARIES = YES;
				CODE_SIGN_STYLE = Automatic;
				COMBINE_HIDPI_IMAGES = YES;
				INFOPLIST_FILE = webpicUITests/Info.plist;
				LD_RUNPATH_SEARCH_PATHS = (
					"$(inherited)",
					"@executable_path/../Frameworks",
					"@loader_path/../Frameworks",
				);
				PRODUCT_BUNDLE_IDENTIFIER = me.jameslittle.webpicUITests;
				PRODUCT_NAME = "$(TARGET_NAME)";
				SWIFT_VERSION = 5.0;
				TEST_TARGET_NAME = webpic;
			};
			name = Debug;
		};
		1A103501240C66F800E70193 /* Release */ = {
			isa = XCBuildConfiguration;
			buildSettings = {
				ALWAYS_EMBED_SWIFT_STANDARD_LIBRARIES = YES;
				CODE_SIGN_STYLE = Automatic;
				COMBINE_HIDPI_IMAGES = YES;
				INFOPLIST_FILE = webpicUITests/Info.plist;
				LD_RUNPATH_SEARCH_PATHS = (
					"$(inherited)",
					"@executable_path/../Frameworks",
					"@loader_path/../Frameworks",
				);
				PRODUCT_BUNDLE_IDENTIFIER = me.jameslittle.webpicUITests;
				PRODUCT_NAME = "$(TARGET_NAME)";
				SWIFT_VERSION = 5.0;
				TEST_TARGET_NAME = webpic;
			};
			name = Release;
		};
/* End XCBuildConfiguration section */

/* Begin XCConfigurationList section */
		1A1034CB240C66F500E70193 /* Build configuration list for PBXProject "webpic" */ = {
			isa = XCConfigurationList;
			buildConfigurations = (
				1A1034F7240C66F800E70193 /* Debug */,
				1A1034F8240C66F800E70193 /* Release */,
			);
			defaultConfigurationIsVisible = 0;
			defaultConfigurationName = Release;
		};
		1A1034F9240C66F800E70193 /* Build configuration list for PBXNativeTarget "Webpic" */ = {
			isa = XCConfigurationList;
			buildConfigurations = (
				1A1034FA240C66F800E70193 /* Debug */,
				1A1034FB240C66F800E70193 /* Release */,
			);
			defaultConfigurationIsVisible = 0;
			defaultConfigurationName = Release;
		};
		1A1034FC240C66F800E70193 /* Build configuration list for PBXNativeTarget "webpicTests" */ = {
			isa = XCConfigurationList;
			buildConfigurations = (
				1A1034FD240C66F800E70193 /* Debug */,
				1A1034FE240C66F800E70193 /* Release */,
			);
			defaultConfigurationIsVisible = 0;
			defaultConfigurationName = Release;
		};
		1A1034FF240C66F800E70193 /* Build configuration list for PBXNativeTarget "webpicUITests" */ = {
			isa = XCConfigurationList;
			buildConfigurations = (
				1A103500240C66F800E70193 /* Debug */,
				1A103501240C66F800E70193 /* Release */,
			);
			defaultConfigurationIsVisible = 0;
			defaultConfigurationName = Release;
		};
/* End XCConfigurationList section */
	};
	rootObject = 1A1034C8240C66F500E70193 /* Project object */;
}
